
Microsoft Visual Studio Solution File, Format Version 12.00
# Visual Studio Version 16
VisualStudioVersion = 16.0.30804.86
MinimumVisualStudioVersion = 10.0.40219.1
Project("{FAE04EC0-301F-11D3-BF4B-00C04F79EFBC}") = "MasterMindDemo", "MasterMindDemo\MasterMindDemo.csproj", "{A61E72C6-A7F6-42AA-A0FE-2AD468443799}"
EndProject
Global
	GlobalSection(SolutionConfigurationPlatforms) = preSolution
		Debug|Any CPU = Debug|Any CPU
		Release|Any CPU = Release|Any CPU
	EndGlobalSection
	GlobalSection(ProjectConfigurationPlatforms) = postSolution
		{A61E72C6-A7F6-42AA-A0FE-2AD468443799}.Debug|Any CPU.ActiveCfg = Debug|Any CPU
		{A61E72C6-A7F6-42AA-A0FE-2AD468443799}.Debug|Any CPU.Build.0 = Debug|Any CPU
		{A61E72C6-A7F6-42AA-A0FE-2AD468443799}.Release|Any CPU.ActiveCfg = Release|Any CPU
		{A61E72C6-A7F6-42AA-A0FE-2AD468443799}.Release|Any CPU.Build.0 = Release|Any CPU
	EndGlobalSection
	GlobalSection(SolutionProperties) = preSolution
		HideSolutionNode = FALSE
	EndGlobalSection
	GlobalSection(ExtensibilityGlobals) = postSolution
		SolutionGuid = {197E6FD0-6F67-4A56-8A28-9F3175CEF80B}
	EndGlobalSection
EndGlobal
